
Microsoft Visual Studio Solution File, Format Version 12.00
# Visual Studio Version 17
VisualStudioVersion = 17.7.34221.43
MinimumVisualStudioVersion = 10.0.40219.1
Project("{FAE04EC0-301F-11D3-BF4B-00C04F79EFBC}") = "Valute", "Valute\Valute.csproj", "{DDDE2AAD-FA07-4244-9849-CFF381D73A3E}"
EndProject
Global
	GlobalSection(SolutionConfigurationPlatforms) = preSolution
		Debug|Any CPU = Debug|Any CPU
		Release|Any CPU = Release|Any CPU
	EndGlobalSection
	GlobalSection(ProjectConfigurationPlatforms) = postSolution
		{DDDE2AAD-FA07-4244-9849-CFF381D73A3E}.Debug|Any CPU.ActiveCfg = Debug|Any CPU
		{DDDE2AAD-FA07-4244-9849-CFF381D73A3E}.Debug|Any CPU.Build.0 = Debug|Any CPU
		{DDDE2AAD-FA07-4244-9849-CFF381D73A3E}.Release|Any CPU.ActiveCfg = Release|Any CPU
		{DDDE2AAD-FA07-4244-9849-CFF381D73A3E}.Release|Any CPU.Build.0 = Release|Any CPU
	EndGlobalSection
	GlobalSection(SolutionProperties) = preSolution
		HideSolutionNode = FALSE
	EndGlobalSection
	GlobalSection(ExtensibilityGlobals) = postSolution
		SolutionGuid = {2478B6DE-9DF5-4012-BCDC-66B9326D6BD1}
	EndGlobalSection
EndGlobal
