
Microsoft Visual Studio Solution File, Format Version 12.00
# Visual Studio Version 17
VisualStudioVersion = 17.8.34330.188
MinimumVisualStudioVersion = 10.0.40219.1
Project("{FAE04EC0-301F-11D3-BF4B-00C04F79EFBC}") = "Articoli", "Articoli\Articoli.csproj", "{A5A8A7DF-0640-4B27-A2B1-2674F2CD9513}"
EndProject
Global
	GlobalSection(SolutionConfigurationPlatforms) = preSolution
		Debug|Any CPU = Debug|Any CPU
		Release|Any CPU = Release|Any CPU
	EndGlobalSection
	GlobalSection(ProjectConfigurationPlatforms) = postSolution
		{A5A8A7DF-0640-4B27-A2B1-2674F2CD9513}.Debug|Any CPU.ActiveCfg = Debug|Any CPU
		{A5A8A7DF-0640-4B27-A2B1-2674F2CD9513}.Debug|Any CPU.Build.0 = Debug|Any CPU
		{A5A8A7DF-0640-4B27-A2B1-2674F2CD9513}.Release|Any CPU.ActiveCfg = Release|Any CPU
		{A5A8A7DF-0640-4B27-A2B1-2674F2CD9513}.Release|Any CPU.Build.0 = Release|Any CPU
	EndGlobalSection
	GlobalSection(SolutionProperties) = preSolution
		HideSolutionNode = FALSE
	EndGlobalSection
	GlobalSection(ExtensibilityGlobals) = postSolution
		SolutionGuid = {C766BC10-54CE-478E-B82E-BEDA432BDA5F}
	EndGlobalSection
EndGlobal
