
Microsoft Visual Studio Solution File, Format Version 12.00
# Visual Studio Version 17
VisualStudioVersion = 17.7.34221.43
MinimumVisualStudioVersion = 10.0.40219.1
Project("{FAE04EC0-301F-11D3-BF4B-00C04F79EFBC}") = "HelloWorld", "HelloWorld\HelloWorld.csproj", "{75CB75F0-A936-4B7B-8A0A-8A03EFA1B4FF}"
EndProject
Global
	GlobalSection(SolutionConfigurationPlatforms) = preSolution
		Debug|Any CPU = Debug|Any CPU
		Release|Any CPU = Release|Any CPU
	EndGlobalSection
	GlobalSection(ProjectConfigurationPlatforms) = postSolution
		{75CB75F0-A936-4B7B-8A0A-8A03EFA1B4FF}.Debug|Any CPU.ActiveCfg = Debug|Any CPU
		{75CB75F0-A936-4B7B-8A0A-8A03EFA1B4FF}.Debug|Any CPU.Build.0 = Debug|Any CPU
		{75CB75F0-A936-4B7B-8A0A-8A03EFA1B4FF}.Release|Any CPU.ActiveCfg = Release|Any CPU
		{75CB75F0-A936-4B7B-8A0A-8A03EFA1B4FF}.Release|Any CPU.Build.0 = Release|Any CPU
	EndGlobalSection
	GlobalSection(SolutionProperties) = preSolution
		HideSolutionNode = FALSE
	EndGlobalSection
	GlobalSection(ExtensibilityGlobals) = postSolution
		SolutionGuid = {E4062D9A-480D-44D4-B006-80CA19DED8EA}
	EndGlobalSection
EndGlobal
