
Microsoft Visual Studio Solution File, Format Version 12.00
# Visual Studio Version 17
VisualStudioVersion = 17.8.34316.72
MinimumVisualStudioVersion = 10.0.40219.1
Project("{FAE04EC0-301F-11D3-BF4B-00C04F79EFBC}") = "SelectionSort", "SelectionSort\SelectionSort.csproj", "{537E1460-9718-40AA-92F9-4C84952C266F}"
EndProject
Global
	GlobalSection(SolutionConfigurationPlatforms) = preSolution
		Debug|Any CPU = Debug|Any CPU
		Release|Any CPU = Release|Any CPU
	EndGlobalSection
	GlobalSection(ProjectConfigurationPlatforms) = postSolution
		{537E1460-9718-40AA-92F9-4C84952C266F}.Debug|Any CPU.ActiveCfg = Debug|Any CPU
		{537E1460-9718-40AA-92F9-4C84952C266F}.Debug|Any CPU.Build.0 = Debug|Any CPU
		{537E1460-9718-40AA-92F9-4C84952C266F}.Release|Any CPU.ActiveCfg = Release|Any CPU
		{537E1460-9718-40AA-92F9-4C84952C266F}.Release|Any CPU.Build.0 = Release|Any CPU
	EndGlobalSection
	GlobalSection(SolutionProperties) = preSolution
		HideSolutionNode = FALSE
	EndGlobalSection
	GlobalSection(ExtensibilityGlobals) = postSolution
		SolutionGuid = {0C9ACB6D-AE39-4DFF-890E-79FFB5940684}
	EndGlobalSection
EndGlobal
