
Microsoft Visual Studio Solution File, Format Version 12.00
# Visual Studio Version 17
VisualStudioVersion = 17.8.34309.116
MinimumVisualStudioVersion = 10.0.40219.1
Project("{FAE04EC0-301F-11D3-BF4B-00C04F79EFBC}") = "Funzioni", "Funzioni\Funzioni.csproj", "{1DB804C5-9BD5-4A63-828B-FE5D0D5770C1}"
EndProject
Global
	GlobalSection(SolutionConfigurationPlatforms) = preSolution
		Debug|Any CPU = Debug|Any CPU
		Release|Any CPU = Release|Any CPU
	EndGlobalSection
	GlobalSection(ProjectConfigurationPlatforms) = postSolution
		{1DB804C5-9BD5-4A63-828B-FE5D0D5770C1}.Debug|Any CPU.ActiveCfg = Debug|Any CPU
		{1DB804C5-9BD5-4A63-828B-FE5D0D5770C1}.Debug|Any CPU.Build.0 = Debug|Any CPU
		{1DB804C5-9BD5-4A63-828B-FE5D0D5770C1}.Release|Any CPU.ActiveCfg = Release|Any CPU
		{1DB804C5-9BD5-4A63-828B-FE5D0D5770C1}.Release|Any CPU.Build.0 = Release|Any CPU
	EndGlobalSection
	GlobalSection(SolutionProperties) = preSolution
		HideSolutionNode = FALSE
	EndGlobalSection
	GlobalSection(ExtensibilityGlobals) = postSolution
		SolutionGuid = {86BAAC36-2B3E-4C0A-A2EF-173BFC733E14}
	EndGlobalSection
EndGlobal
